
Microsoft Visual Studio Solution File, Format Version 12.00
# Visual Studio Version 17
VisualStudioVersion = 17.8.34330.188
MinimumVisualStudioVersion = 10.0.40219.1
Project("{9A19103F-16F7-4668-BE54-9A1E7A4F7556}") = "SheduleHubAPI", "SheduleHubAPI\SheduleHubAPI.csproj", "{679D90A0-530C-4272-8CED-714AC11D45EF}"
EndProject
Project("{9A19103F-16F7-4668-BE54-9A1E7A4F7556}") = "DataAccess", "DataAccess\DataAccess.csproj", "{E7AEF669-A8A7-4C53-B397-7CEDDAE39043}"
EndProject
Project("{2150E333-8FDC-42A3-9474-1A3956D46DE8}") = "Элементы решения", "Элементы решения", "{6E383FFE-C1DC-43DE-8777-CC7AEF26CB86}"
	ProjectSection(SolutionItems) = preProject
		.editorconfig = .editorconfig
	EndProjectSection
EndProject
Global
	GlobalSection(SolutionConfigurationPlatforms) = preSolution
		Debug|Any CPU = Debug|Any CPU
		Release|Any CPU = Release|Any CPU
	EndGlobalSection
	GlobalSection(ProjectConfigurationPlatforms) = postSolution
		{679D90A0-530C-4272-8CED-714AC11D45EF}.Debug|Any CPU.ActiveCfg = Debug|Any CPU
		{679D90A0-530C-4272-8CED-714AC11D45EF}.Debug|Any CPU.Build.0 = Debug|Any CPU
		{679D90A0-530C-4272-8CED-714AC11D45EF}.Release|Any CPU.ActiveCfg = Release|Any CPU
		{679D90A0-530C-4272-8CED-714AC11D45EF}.Release|Any CPU.Build.0 = Release|Any CPU
		{E7AEF669-A8A7-4C53-B397-7CEDDAE39043}.Debug|Any CPU.ActiveCfg = Debug|Any CPU
		{E7AEF669-A8A7-4C53-B397-7CEDDAE39043}.Debug|Any CPU.Build.0 = Debug|Any CPU
		{E7AEF669-A8A7-4C53-B397-7CEDDAE39043}.Release|Any CPU.ActiveCfg = Release|Any CPU
		{E7AEF669-A8A7-4C53-B397-7CEDDAE39043}.Release|Any CPU.Build.0 = Release|Any CPU
	EndGlobalSection
	GlobalSection(SolutionProperties) = preSolution
		HideSolutionNode = FALSE
	EndGlobalSection
	GlobalSection(ExtensibilityGlobals) = postSolution
		SolutionGuid = {6EEE2990-A320-40EC-9A8A-FD98535DDF6B}
	EndGlobalSection
EndGlobal
